
Microsoft Visual Studio Solution File, Format Version 12.00
# Visual Studio Version 17
VisualStudioVersion = 17.14.36518.9 d17.14
MinimumVisualStudioVersion = 10.0.40219.1
Project("{FAE04EC0-301F-11D3-BF4B-00C04F79EFBC}") = "APICRUD", "APICRUD.csproj", "{476362ED-17E8-4F11-93F6-DADA3D152082}"
EndProject
Global
	GlobalSection(SolutionConfigurationPlatforms) = preSolution
		Debug|Any CPU = Debug|Any CPU
		Release|Any CPU = Release|Any CPU
	EndGlobalSection
	GlobalSection(ProjectConfigurationPlatforms) = postSolution
		{476362ED-17E8-4F11-93F6-DADA3D152082}.Debug|Any CPU.ActiveCfg = Debug|Any CPU
		{476362ED-17E8-4F11-93F6-DADA3D152082}.Debug|Any CPU.Build.0 = Debug|Any CPU
		{476362ED-17E8-4F11-93F6-DADA3D152082}.Release|Any CPU.ActiveCfg = Release|Any CPU
		{476362ED-17E8-4F11-93F6-DADA3D152082}.Release|Any CPU.Build.0 = Release|Any CPU
	EndGlobalSection
	GlobalSection(SolutionProperties) = preSolution
		HideSolutionNode = FALSE
	EndGlobalSection
	GlobalSection(ExtensibilityGlobals) = postSolution
		SolutionGuid = {5859F357-4250-4C85-AF9B-78C1B788B1CE}
	EndGlobalSection
EndGlobal
